
Microsoft Visual Studio Solution File, Format Version 12.00
# Visual Studio Version 16
VisualStudioVersion = 16.0.31829.152
MinimumVisualStudioVersion = 10.0.40219.1
Project("{FAE04EC0-301F-11D3-BF4B-00C04F79EFBC}") = "PracticaGitHub.1", "PracticaGitHub.1\PracticaGitHub.1.csproj", "{A75B520C-D81A-4429-A959-331773E6DE27}"
EndProject
Global
	GlobalSection(SolutionConfigurationPlatforms) = preSolution
		Debug|Any CPU = Debug|Any CPU
		Release|Any CPU = Release|Any CPU
	EndGlobalSection
	GlobalSection(ProjectConfigurationPlatforms) = postSolution
		{A75B520C-D81A-4429-A959-331773E6DE27}.Debug|Any CPU.ActiveCfg = Debug|Any CPU
		{A75B520C-D81A-4429-A959-331773E6DE27}.Debug|Any CPU.Build.0 = Debug|Any CPU
		{A75B520C-D81A-4429-A959-331773E6DE27}.Release|Any CPU.ActiveCfg = Release|Any CPU
		{A75B520C-D81A-4429-A959-331773E6DE27}.Release|Any CPU.Build.0 = Release|Any CPU
	EndGlobalSection
	GlobalSection(SolutionProperties) = preSolution
		HideSolutionNode = FALSE
	EndGlobalSection
	GlobalSection(ExtensibilityGlobals) = postSolution
		SolutionGuid = {33E61FA2-F032-456B-A472-794A2EA66368}
	EndGlobalSection
EndGlobal
